
Microsoft Visual Studio Solution File, Format Version 12.00
# Visual Studio Version 17
VisualStudioVersion = 17.0.32014.148
MinimumVisualStudioVersion = 10.0.40219.1
Project("{9A19103F-16F7-4668-BE54-9A1E7A4F7556}") = "WebApp", "WebApp\WebApp.csproj", "{1D6BC1C3-D56C-4B04-8BBF-FFA63A021771}"
EndProject
Project("{FAE04EC0-301F-11D3-BF4B-00C04F79EFBC}") = "ChinookSystem", "ChinookSystem\ChinookSystem.csproj", "{B15E3018-5B01-4E2D-90DB-3B3F328B29F9}"
EndProject
Global
	GlobalSection(SolutionConfigurationPlatforms) = preSolution
		Debug|Any CPU = Debug|Any CPU
		Release|Any CPU = Release|Any CPU
	EndGlobalSection
	GlobalSection(ProjectConfigurationPlatforms) = postSolution
		{1D6BC1C3-D56C-4B04-8BBF-FFA63A021771}.Debug|Any CPU.ActiveCfg = Debug|Any CPU
		{1D6BC1C3-D56C-4B04-8BBF-FFA63A021771}.Debug|Any CPU.Build.0 = Debug|Any CPU
		{1D6BC1C3-D56C-4B04-8BBF-FFA63A021771}.Release|Any CPU.ActiveCfg = Release|Any CPU
		{1D6BC1C3-D56C-4B04-8BBF-FFA63A021771}.Release|Any CPU.Build.0 = Release|Any CPU
		{B15E3018-5B01-4E2D-90DB-3B3F328B29F9}.Debug|Any CPU.ActiveCfg = Debug|Any CPU
		{B15E3018-5B01-4E2D-90DB-3B3F328B29F9}.Debug|Any CPU.Build.0 = Debug|Any CPU
		{B15E3018-5B01-4E2D-90DB-3B3F328B29F9}.Release|Any CPU.ActiveCfg = Release|Any CPU
		{B15E3018-5B01-4E2D-90DB-3B3F328B29F9}.Release|Any CPU.Build.0 = Release|Any CPU
	EndGlobalSection
	GlobalSection(SolutionProperties) = preSolution
		HideSolutionNode = FALSE
	EndGlobalSection
	GlobalSection(ExtensibilityGlobals) = postSolution
		SolutionGuid = {26CBD8B1-7323-49F0-A7D8-8CC304DBFED8}
	EndGlobalSection
EndGlobal
